// !$*UTF8*$!
{
	archiveVersion = 1;
	classes = {
	};
	objectVersion = 77;
	objects = {

/* Begin PBXBuildFile section */
		327942D72DC1D2A800BA2F87 /* BottomControls.swift in Sources */ = {isa = PBXBuildFile; fileRef = 327942CA2DC1D2A800BA2F87 /* BottomControls.swift */; };
		327942D82DC1D2A800BA2F87 /* BottomSheet.swift in Sources */ = {isa = PBXBuildFile; fileRef = 327942CB2DC1D2A800BA2F87 /* BottomSheet.swift */; };
		327942D92DC1D2A800BA2F87 /* ChatBubble.swift in Sources */ = {isa = PBXBuildFile; fileRef = 327942CC2DC1D2A800BA2F87 /* ChatBubble.swift */; };
		327942DA2DC1D2A800BA2F87 /* ChatView.swift in Sources */ = {isa = PBXBuildFile; fileRef = 327942CD2DC1D2A800BA2F87 /* ChatView.swift */; };
		327942DB2DC1D2A800BA2F87 /* DynamicContentArea.swift in Sources */ = {isa = PBXBuildFile; fileRef = 327942CE2DC1D2A800BA2F87 /* DynamicContentArea.swift */; };
		327942DC2DC1D2A800BA2F87 /* DynamicTextEditor.swift in Sources */ = {isa = PBXBuildFile; fileRef = 327942CF2DC1D2A800BA2F87 /* DynamicTextEditor.swift */; };
		327942DD2DC1D2A800BA2F87 /* HatchBotApp.swift in Sources */ = {isa = PBXBuildFile; fileRef = 327942D02DC1D2A800BA2F87 /* HatchBotApp.swift */; };
		327942DE2DC1D2A800BA2F87 /* HorizontalImageScroll.swift in Sources */ = {isa = PBXBuildFile; fileRef = 327942D12DC1D2A800BA2F87 /* HorizontalImageScroll.swift */; };
		327942DF2DC1D2A800BA2F87 /* ImagePickerGrid.swift in Sources */ = {isa = PBXBuildFile; fileRef = 327942D22DC1D2A800BA2F87 /* ImagePickerGrid.swift */; };
		327942E02DC1D2A800BA2F87 /* Message.swift in Sources */ = {isa = PBXBuildFile; fileRef = 327942D42DC1D2A800BA2F87 /* Message.swift */; };
		327942E12DC1D2A800BA2F87 /* SheetState.swift in Sources */ = {isa = PBXBuildFile; fileRef = 327942D52DC1D2A800BA2F87 /* SheetState.swift */; };
		327942E22DC1D2A800BA2F87 /* Assets.xcassets in Resources */ = {isa = PBXBuildFile; fileRef = 327942C92DC1D2A800BA2F87 /* Assets.xcassets */; };
/* End PBXBuildFile section */

/* Begin PBXFileReference section */
		327942C92DC1D2A800BA2F87 /* Assets.xcassets */ = {isa = PBXFileReference; lastKnownFileType = folder.assetcatalog; path = Assets.xcassets; sourceTree = "<group>"; };
		327942CA2DC1D2A800BA2F87 /* BottomControls.swift */ = {isa = PBXFileReference; lastKnownFileType = sourcecode.swift; path = BottomControls.swift; sourceTree = "<group>"; };
		327942CB2DC1D2A800BA2F87 /* BottomSheet.swift */ = {isa = PBXFileReference; lastKnownFileType = sourcecode.swift; path = BottomSheet.swift; sourceTree = "<group>"; };
		327942CC2DC1D2A800BA2F87 /* ChatBubble.swift */ = {isa = PBXFileReference; lastKnownFileType = sourcecode.swift; path = ChatBubble.swift; sourceTree = "<group>"; };
		327942CD2DC1D2A800BA2F87 /* ChatView.swift */ = {isa = PBXFileReference; lastKnownFileType = sourcecode.swift; path = ChatView.swift; sourceTree = "<group>"; };
		327942CE2DC1D2A800BA2F87 /* DynamicContentArea.swift */ = {isa = PBXFileReference; lastKnownFileType = sourcecode.swift; path = DynamicContentArea.swift; sourceTree = "<group>"; };
		327942CF2DC1D2A800BA2F87 /* DynamicTextEditor.swift */ = {isa = PBXFileReference; lastKnownFileType = sourcecode.swift; path = DynamicTextEditor.swift; sourceTree = "<group>"; };
		327942D02DC1D2A800BA2F87 /* HatchBotApp.swift */ = {isa = PBXFileReference; lastKnownFileType = sourcecode.swift; path = HatchBotApp.swift; sourceTree = "<group>"; };
		327942D12DC1D2A800BA2F87 /* HorizontalImageScroll.swift */ = {isa = PBXFileReference; lastKnownFileType = sourcecode.swift; path = HorizontalImageScroll.swift; sourceTree = "<group>"; };
		327942D22DC1D2A800BA2F87 /* ImagePickerGrid.swift */ = {isa = PBXFileReference; lastKnownFileType = sourcecode.swift; path = ImagePickerGrid.swift; sourceTree = "<group>"; };
		327942D32DC1D2A800BA2F87 /* Info.plist */ = {isa = PBXFileReference; lastKnownFileType = text.plist.xml; path = Info.plist; sourceTree = "<group>"; };
		327942D42DC1D2A800BA2F87 /* Message.swift */ = {isa = PBXFileReference; lastKnownFileType = sourcecode.swift; path = Message.swift; sourceTree = "<group>"; };
		327942D52DC1D2A800BA2F87 /* SheetState.swift */ = {isa = PBXFileReference; lastKnownFileType = sourcecode.swift; path = SheetState.swift; sourceTree = "<group>"; };
		32CD3B122DBFDA5000AAE46D /* HatchBot.app */ = {isa = PBXFileReference; explicitFileType = wrapper.application; includeInIndex = 0; path = HatchBot.app; sourceTree = BUILT_PRODUCTS_DIR; };
/* End PBXFileReference section */

/* Begin PBXFrameworksBuildPhase section */
		32CD3B0F2DBFDA5000AAE46D /* Frameworks */ = {
			isa = PBXFrameworksBuildPhase;
			buildActionMask = 2147483647;
			files = (
			);
			runOnlyForDeploymentPostprocessing = 0;
		};
/* End PBXFrameworksBuildPhase section */

/* Begin PBXGroup section */
		327942D62DC1D2A800BA2F87 /* HatchBot */ = {
			isa = PBXGroup;
			children = (
				327942C92DC1D2A800BA2F87 /* Assets.xcassets */,
				327942CA2DC1D2A800BA2F87 /* BottomControls.swift */,
				327942CB2DC1D2A800BA2F87 /* BottomSheet.swift */,
				327942CC2DC1D2A800BA2F87 /* ChatBubble.swift */,
				327942CD2DC1D2A800BA2F87 /* ChatView.swift */,
				327942CE2DC1D2A800BA2F87 /* DynamicContentArea.swift */,
				327942CF2DC1D2A800BA2F87 /* DynamicTextEditor.swift */,
				327942D02DC1D2A800BA2F87 /* HatchBotApp.swift */,
				327942D12DC1D2A800BA2F87 /* HorizontalImageScroll.swift */,
				327942D22DC1D2A800BA2F87 /* ImagePickerGrid.swift */,
				327942D32DC1D2A800BA2F87 /* Info.plist */,
				327942D42DC1D2A800BA2F87 /* Message.swift */,
				327942D52DC1D2A800BA2F87 /* SheetState.swift */,
			);
			path = HatchBot;
			sourceTree = "<group>";
		};
		32CD3B092DBFDA5000AAE46D = {
			isa = PBXGroup;
			children = (
				327942D62DC1D2A800BA2F87 /* HatchBot */,
				32CD3B132DBFDA5000AAE46D /* Products */,
			);
			sourceTree = "<group>";
		};
		32CD3B132DBFDA5000AAE46D /* Products */ = {
			isa = PBXGroup;
			children = (
				32CD3B122DBFDA5000AAE46D /* HatchBot.app */,
			);
			name = Products;
			sourceTree = "<group>";
		};
/* End PBXGroup section */

/* Begin PBXNativeTarget section */
		32CD3B112DBFDA5000AAE46D /* HatchBot */ = {
			isa = PBXNativeTarget;
			buildConfigurationList = 32CD3B1D2DBFDA5100AAE46D /* Build configuration list for PBXNativeTarget "HatchBot" */;
			buildPhases = (
				32CD3B0E2DBFDA5000AAE46D /* Sources */,
				32CD3B0F2DBFDA5000AAE46D /* Frameworks */,
				32CD3B102DBFDA5000AAE46D /* Resources */,
			);
			buildRules = (
			);
			dependencies = (
			);
			name = HatchBot;
			packageProductDependencies = (
			);
			productName = HatchBot;
			productReference = 32CD3B122DBFDA5000AAE46D /* HatchBot.app */;
			productType = "com.apple.product-type.application";
		};
/* End PBXNativeTarget section */

/* Begin PBXProject section */
		32CD3B0A2DBFDA5000AAE46D /* Project object */ = {
			isa = PBXProject;
			attributes = {
				BuildIndependentTargetsInParallel = 1;
				LastSwiftUpdateCheck = 1630;
				LastUpgradeCheck = 1630;
				TargetAttributes = {
					32CD3B112DBFDA5000AAE46D = {
						CreatedOnToolsVersion = 16.3;
					};
				};
			};
			buildConfigurationList = 32CD3B0D2DBFDA5000AAE46D /* Build configuration list for PBXProject "HatchBot" */;
			developmentRegion = en;
			hasScannedForEncodings = 0;
			knownRegions = (
				en,
				Base,
			);
			mainGroup = 32CD3B092DBFDA5000AAE46D;
			minimizedProjectReferenceProxies = 1;
			preferredProjectObjectVersion = 77;
			productRefGroup = 32CD3B132DBFDA5000AAE46D /* Products */;
			projectDirPath = "";
			projectRoot = "";
			targets = (
				32CD3B112DBFDA5000AAE46D /* HatchBot */,
			);
		};
/* End PBXProject section */

/* Begin PBXResourcesBuildPhase section */
		32CD3B102DBFDA5000AAE46D /* Resources */ = {
			isa = PBXResourcesBuildPhase;
			buildActionMask = 2147483647;
			files = (
				327942E22DC1D2A800BA2F87 /* Assets.xcassets in Resources */,
			);
			runOnlyForDeploymentPostprocessing = 0;
		};
/* End PBXResourcesBuildPhase section */

/* Begin PBXSourcesBuildPhase section */
		32CD3B0E2DBFDA5000AAE46D /* Sources */ = {
			isa = PBXSourcesBuildPhase;
			buildActionMask = 2147483647;
			files = (
				327942D72DC1D2A800BA2F87 /* BottomControls.swift in Sources */,
				327942D82DC1D2A800BA2F87 /* BottomSheet.swift in Sources */,
				327942D92DC1D2A800BA2F87 /* ChatBubble.swift in Sources */,
				327942DA2DC1D2A800BA2F87 /* ChatView.swift in Sources */,
				327942DB2DC1D2A800BA2F87 /* DynamicContentArea.swift in Sources */,
				327942DC2DC1D2A800BA2F87 /* DynamicTextEditor.swift in Sources */,
				327942DD2DC1D2A800BA2F87 /* HatchBotApp.swift in Sources */,
				327942DE2DC1D2A800BA2F87 /* HorizontalImageScroll.swift in Sources */,
				327942DF2DC1D2A800BA2F87 /* ImagePickerGrid.swift in Sources */,
				327942E02DC1D2A800BA2F87 /* Message.swift in Sources */,
				327942E12DC1D2A800BA2F87 /* SheetState.swift in Sources */,
			);
			runOnlyForDeploymentPostprocessing = 0;
		};
/* End PBXSourcesBuildPhase section */

/* Begin XCBuildConfiguration section */
		32CD3B1B2DBFDA5100AAE46D /* Debug */ = {
			isa = XCBuildConfiguration;
			buildSettings = {
				ALWAYS_SEARCH_USER_PATHS = NO;
				ASSETCATALOG_COMPILER_GENERATE_SWIFT_ASSET_SYMBOL_EXTENSIONS = YES;
				CLANG_ANALYZER_NONNULL = YES;
				CLANG_ANALYZER_NUMBER_OBJECT_CONVERSION = YES_AGGRESSIVE;
				CLANG_CXX_LANGUAGE_STANDARD = "gnu++20";
				CLANG_ENABLE_MODULES = YES;
				CLANG_ENABLE_OBJC_ARC = YES;
				CLANG_ENABLE_OBJC_WEAK = YES;
				CLANG_WARN_BLOCK_CAPTURE_AUTORELEASING = YES;
				CLANG_WARN_BOOL_CONVERSION = YES;
				CLANG_WARN_COMMA = YES;
				CLANG_WARN_CONSTANT_CONVERSION = YES;
				CLANG_WARN_DEPRECATED_OBJC_IMPLEMENTATIONS = YES;
				CLANG_WARN_DIRECT_OBJC_ISA_USAGE = YES_ERROR;
				CLANG_WARN_DOCUMENTATION_COMMENTS = YES;
				CLANG_WARN_EMPTY_BODY = YES;
				CLANG_WARN_ENUM_CONVERSION = YES;
				CLANG_WARN_INFINITE_RECURSION = YES;
				CLANG_WARN_INT_CONVERSION = YES;
				CLANG_WARN_NON_LITERAL_NULL_CONVERSION = YES;
				CLANG_WARN_OBJC_IMPLICIT_RETAIN_SELF = YES;
				CLANG_WARN_OBJC_LITERAL_CONVERSION = YES;
				CLANG_WARN_OBJC_ROOT_CLASS = YES_ERROR;
				CLANG_WARN_QUOTED_INCLUDE_IN_FRAMEWORK_HEADER = YES;
				CLANG_WARN_RANGE_LOOP_ANALYSIS = YES;
				CLANG_WARN_STRICT_PROTOTYPES = YES;
				CLANG_WARN_SUSPICIOUS_MOVE = YES;
				CLANG_WARN_UNGUARDED_AVAILABILITY = YES_AGGRESSIVE;
				CLANG_WARN_UNREACHABLE_CODE = YES;
				CLANG_WARN__DUPLICATE_METHOD_MATCH = YES;
				COPY_PHASE_STRIP = NO;
				DEBUG_INFORMATION_FORMAT = dwarf;
				ENABLE_STRICT_OBJC_MSGSEND = YES;
				ENABLE_TESTABILITY = YES;
				ENABLE_USER_SCRIPT_SANDBOXING = YES;
				GCC_C_LANGUAGE_STANDARD = gnu17;
				GCC_DYNAMIC_NO_PIC = NO;
				GCC_NO_COMMON_BLOCKS = YES;
				GCC_OPTIMIZATION_LEVEL = 0;
				GCC_PREPROCESSOR_DEFINITIONS = (
					"DEBUG=1",
					"$(inherited)",
				);
				GCC_WARN_64_TO_32_BIT_CONVERSION = YES;
				GCC_WARN_ABOUT_RETURN_TYPE = YES_ERROR;
				GCC_WARN_UNDECLARED_SELECTOR = YES;
				GCC_WARN_UNINITIALIZED_AUTOS = YES_AGGRESSIVE;
				GCC_WARN_UNUSED_FUNCTION = YES;
				GCC_WARN_UNUSED_VARIABLE = YES;
				INFOPLIST_KEY_NSPhotoLibraryUsageDescription = "We need access to your photos to allow image selection.";
				IPHONEOS_DEPLOYMENT_TARGET = 18.4;
				LOCALIZATION_PREFERS_STRING_CATALOGS = YES;
				MTL_ENABLE_DEBUG_INFO = INCLUDE_SOURCE;
				MTL_FAST_MATH = YES;
				ONLY_ACTIVE_ARCH = YES;
				SDKROOT = iphoneos;
				SWIFT_ACTIVE_COMPILATION_CONDITIONS = "DEBUG $(inherited)";
				SWIFT_OPTIMIZATION_LEVEL = "-Onone";
			};
			name = Debug;
		};
		32CD3B1C2DBFDA5100AAE46D /* Release */ = {
			isa = XCBuildConfiguration;
			buildSettings = {
				ALWAYS_SEARCH_USER_PATHS = NO;
				ASSETCATALOG_COMPILER_GENERATE_SWIFT_ASSET_SYMBOL_EXTENSIONS = YES;
				CLANG_ANALYZER_NONNULL = YES;
				CLANG_ANALYZER_NUMBER_OBJECT_CONVERSION = YES_AGGRESSIVE;
				CLANG_CXX_LANGUAGE_STANDARD = "gnu++20";
				CLANG_ENABLE_MODULES = YES;
				CLANG_ENABLE_OBJC_ARC = YES;
				CLANG_ENABLE_OBJC_WEAK = YES;
				CLANG_WARN_BLOCK_CAPTURE_AUTORELEASING = YES;
				CLANG_WARN_BOOL_CONVERSION = YES;
				CLANG_WARN_COMMA = YES;
				CLANG_WARN_CONSTANT_CONVERSION = YES;
				CLANG_WARN_DEPRECATED_OBJC_IMPLEMENTATIONS = YES;
				CLANG_WARN_DIRECT_OBJC_ISA_USAGE = YES_ERROR;
				CLANG_WARN_DOCUMENTATION_COMMENTS = YES;
				CLANG_WARN_EMPTY_BODY = YES;
				CLANG_WARN_ENUM_CONVERSION = YES;
				CLANG_WARN_INFINITE_RECURSION = YES;
				CLANG_WARN_INT_CONVERSION = YES;
				CLANG_WARN_NON_LITERAL_NULL_CONVERSION = YES;
				CLANG_WARN_OBJC_IMPLICIT_RETAIN_SELF = YES;
				CLANG_WARN_OBJC_LITERAL_CONVERSION = YES;
				CLANG_WARN_OBJC_ROOT_CLASS = YES_ERROR;
				CLANG_WARN_QUOTED_INCLUDE_IN_FRAMEWORK_HEADER = YES;
				CLANG_WARN_RANGE_LOOP_ANALYSIS = YES;
				CLANG_WARN_STRICT_PROTOTYPES = YES;
				CLANG_WARN_SUSPICIOUS_MOVE = YES;
				CLANG_WARN_UNGUARDED_AVAILABILITY = YES_AGGRESSIVE;
				CLANG_WARN_UNREACHABLE_CODE = YES;
				CLANG_WARN__DUPLICATE_METHOD_MATCH = YES;
				COPY_PHASE_STRIP = NO;
				DEBUG_INFORMATION_FORMAT = "dwarf-with-dsym";
				ENABLE_NS_ASSERTIONS = NO;
				ENABLE_STRICT_OBJC_MSGSEND = YES;
				ENABLE_USER_SCRIPT_SANDBOXING = YES;
				GCC_C_LANGUAGE_STANDARD = gnu17;
				GCC_NO_COMMON_BLOCKS = YES;
				GCC_WARN_64_TO_32_BIT_CONVERSION = YES;
				GCC_WARN_ABOUT_RETURN_TYPE = YES_ERROR;
				GCC_WARN_UNDECLARED_SELECTOR = YES;
				GCC_WARN_UNINITIALIZED_AUTOS = YES_AGGRESSIVE;
				GCC_WARN_UNUSED_FUNCTION = YES;
				GCC_WARN_UNUSED_VARIABLE = YES;
				INFOPLIST_KEY_NSPhotoLibraryUsageDescription = "We need access to your photos to allow image selection.";
				IPHONEOS_DEPLOYMENT_TARGET = 18.4;
				LOCALIZATION_PREFERS_STRING_CATALOGS = YES;
				MTL_ENABLE_DEBUG_INFO = NO;
				MTL_FAST_MATH = YES;
				SDKROOT = iphoneos;
				SWIFT_COMPILATION_MODE = wholemodule;
				VALIDATE_PRODUCT = YES;
			};
			name = Release;
		};
		32CD3B1E2DBFDA5100AAE46D /* Debug */ = {
			isa = XCBuildConfiguration;
			buildSettings = {
				ASSETCATALOG_COMPILER_APPICON_NAME = AppIcon;
				ASSETCATALOG_COMPILER_GLOBAL_ACCENT_COLOR_NAME = AccentColor;
				CODE_SIGN_STYLE = Automatic;
				CURRENT_PROJECT_VERSION = 1;
				ENABLE_PREVIEWS = YES;
				GENERATE_INFOPLIST_FILE = YES;
				INFOPLIST_KEY_UIApplicationSceneManifest_Generation = YES;
				INFOPLIST_KEY_UIApplicationSupportsIndirectInputEvents = YES;
				INFOPLIST_KEY_UILaunchScreen_Generation = YES;
				INFOPLIST_KEY_UISupportedInterfaceOrientations_iPad = "UIInterfaceOrientationPortrait UIInterfaceOrientationPortraitUpsideDown UIInterfaceOrientationLandscapeLeft UIInterfaceOrientationLandscapeRight";
				INFOPLIST_KEY_UISupportedInterfaceOrientations_iPhone = "UIInterfaceOrientationPortrait UIInterfaceOrientationLandscapeLeft UIInterfaceOrientationLandscapeRight";
				LD_RUNPATH_SEARCH_PATHS = (
					"$(inherited)",
					"@executable_path/Frameworks",
				);
				MARKETING_VERSION = 1.0;
				PRODUCT_BUNDLE_IDENTIFIER = com.archie.HatchBot;
				PRODUCT_NAME = "$(TARGET_NAME)";
				SWIFT_EMIT_LOC_STRINGS = YES;
				SWIFT_VERSION = 5.0;
				TARGETED_DEVICE_FAMILY = "1,2";
			};
			name = Debug;
		};
		32CD3B1F2DBFDA5100AAE46D /* Release */ = {
			isa = XCBuildConfiguration;
			buildSettings = {
				ASSETCATALOG_COMPILER_APPICON_NAME = AppIcon;
				ASSETCATALOG_COMPILER_GLOBAL_ACCENT_COLOR_NAME = AccentColor;
				CODE_SIGN_STYLE = Automatic;
				CURRENT_PROJECT_VERSION = 1;
				ENABLE_PREVIEWS = YES;
				GENERATE_INFOPLIST_FILE = YES;
				INFOPLIST_KEY_UIApplicationSceneManifest_Generation = YES;
				INFOPLIST_KEY_UIApplicationSupportsIndirectInputEvents = YES;
				INFOPLIST_KEY_UILaunchScreen_Generation = YES;
				INFOPLIST_KEY_UISupportedInterfaceOrientations_iPad = "UIInterfaceOrientationPortrait UIInterfaceOrientationPortraitUpsideDown UIInterfaceOrientationLandscapeLeft UIInterfaceOrientationLandscapeRight";
				INFOPLIST_KEY_UISupportedInterfaceOrientations_iPhone = "UIInterfaceOrientationPortrait UIInterfaceOrientationLandscapeLeft UIInterfaceOrientationLandscapeRight";
				LD_RUNPATH_SEARCH_PATHS = (
					"$(inherited)",
					"@executable_path/Frameworks",
				);
				MARKETING_VERSION = 1.0;
				PRODUCT_BUNDLE_IDENTIFIER = com.archie.HatchBot;
				PRODUCT_NAME = "$(TARGET_NAME)";
				SWIFT_EMIT_LOC_STRINGS = YES;
				SWIFT_VERSION = 5.0;
				TARGETED_DEVICE_FAMILY = "1,2";
			};
			name = Release;
		};
/* End XCBuildConfiguration section */

/* Begin XCConfigurationList section */
		32CD3B0D2DBFDA5000AAE46D /* Build configuration list for PBXProject "HatchBot" */ = {
			isa = XCConfigurationList;
			buildConfigurations = (
				32CD3B1B2DBFDA5100AAE46D /* Debug */,
				32CD3B1C2DBFDA5100AAE46D /* Release */,
			);
			defaultConfigurationIsVisible = 0;
			defaultConfigurationName = Release;
		};
		32CD3B1D2DBFDA5100AAE46D /* Build configuration list for PBXNativeTarget "HatchBot" */ = {
			isa = XCConfigurationList;
			buildConfigurations = (
				32CD3B1E2DBFDA5100AAE46D /* Debug */,
				32CD3B1F2DBFDA5100AAE46D /* Release */,
			);
			defaultConfigurationIsVisible = 0;
			defaultConfigurationName = Release;
		};
/* End XCConfigurationList section */
	};
	rootObject = 32CD3B0A2DBFDA5000AAE46D /* Project object */;
}
